// !$*UTF8*$!
{
	archiveVersion = 1;
	classes = {
	};
	objectVersion = 46;
	objects = {

/* Begin PBXBuildFile section */
		0D2AAF6A187355CD00397E2A /* Foundation.framework in Frameworks */ = {isa = PBXBuildFile; fileRef = 0D2AAF69187355CD00397E2A /* Foundation.framework */; };
		0D2AAF6C187355CD00397E2A /* CoreGraphics.framework in Frameworks */ = {isa = PBXBuildFile; fileRef = 0D2AAF6B187355CD00397E2A /* CoreGraphics.framework */; };
		0D2AAF6E187355CD00397E2A /* UIKit.framework in Frameworks */ = {isa = PBXBuildFile; fileRef = 0D2AAF6D187355CD00397E2A /* UIKit.framework */; };
		0D2AAF74187355CD00397E2A /* InfoPlist.strings in Resources */ = {isa = PBXBuildFile; fileRef = 0D2AAF72187355CD00397E2A /* InfoPlist.strings */; };
		0D2AAF76187355CD00397E2A /* main.m in Sources */ = {isa = PBXBuildFile; fileRef = 0D2AAF75187355CD00397E2A /* main.m */; };
		0D2AAF7A187355CD00397E2A /* SRFAppDelegate.m in Sources */ = {isa = PBXBuildFile; fileRef = 0D2AAF79187355CD00397E2A /* SRFAppDelegate.m */; };
		0D2AAF7D187355CD00397E2A /* Main_iPhone.storyboard in Resources */ = {isa = PBXBuildFile; fileRef = 0D2AAF7B187355CD00397E2A /* Main_iPhone.storyboard */; };
		0D2AAF80187355CD00397E2A /* Main_iPad.storyboard in Resources */ = {isa = PBXBuildFile; fileRef = 0D2AAF7E187355CD00397E2A /* Main_iPad.storyboard */; };
		0D2AAF83187355CD00397E2A /* SRFViewController.m in Sources */ = {isa = PBXBuildFile; fileRef = 0D2AAF82187355CD00397E2A /* SRFViewController.m */; };
		0D2AAF85187355CD00397E2A /* Images.xcassets in Resources */ = {isa = PBXBuildFile; fileRef = 0D2AAF84187355CD00397E2A /* Images.xcassets */; };
		0D2AAF8C187355CD00397E2A /* XCTest.framework in Frameworks */ = {isa = PBXBuildFile; fileRef = 0D2AAF8B187355CD00397E2A /* XCTest.framework */; };
		0D2AAF8D187355CD00397E2A /* Foundation.framework in Frameworks */ = {isa = PBXBuildFile; fileRef = 0D2AAF69187355CD00397E2A /* Foundation.framework */; };
		0D2AAF8E187355CD00397E2A /* UIKit.framework in Frameworks */ = {isa = PBXBuildFile; fileRef = 0D2AAF6D187355CD00397E2A /* UIKit.framework */; };
		0D2AAF96187355CD00397E2A /* InfoPlist.strings in Resources */ = {isa = PBXBuildFile; fileRef = 0D2AAF94187355CD00397E2A /* InfoPlist.strings */; };
		0D2AAF98187355CD00397E2A /* StuffTests.m in Sources */ = {isa = PBXBuildFile; fileRef = 0D2AAF97187355CD00397E2A /* StuffTests.m */; };
		0D2AAFA31873561100397E2A /* SRFCVCell.m in Sources */ = {isa = PBXBuildFile; fileRef = 0D2AAFA21873561100397E2A /* SRFCVCell.m */; };
		0D2AAFA5187392E200397E2A /* avatar.jpg in Resources */ = {isa = PBXBuildFile; fileRef = 0D2AAFA4187392E200397E2A /* avatar.jpg */; };
		0D2AAFA7187397E600397E2A /* avatar2.jpg in Resources */ = {isa = PBXBuildFile; fileRef = 0D2AAFA6187397E600397E2A /* avatar2.jpg */; };
		0DC41DD81875D8DE000737CD /* SRFBubbleView.m in Sources */ = {isa = PBXBuildFile; fileRef = 0DC41DD71875D8DE000737CD /* SRFBubbleView.m */; };
		0DC41DDB18773432000737CD /* WFBAutoLayout.m in Sources */ = {isa = PBXBuildFile; fileRef = 0DC41DDA18773432000737CD /* WFBAutoLayout.m */; };
/* End PBXBuildFile section */

/* Begin PBXContainerItemProxy section */
		0D2AAF8F187355CD00397E2A /* PBXContainerItemProxy */ = {
			isa = PBXContainerItemProxy;
			containerPortal = 0D2AAF5E187355CD00397E2A /* Project object */;
			proxyType = 1;
			remoteGlobalIDString = 0D2AAF65187355CD00397E2A;
			remoteInfo = Stuff;
		};
/* End PBXContainerItemProxy section */

/* Begin PBXFileReference section */
		0D2AAF66187355CD00397E2A /* Stuff.app */ = {isa = PBXFileReference; explicitFileType = wrapper.application; includeInIndex = 0; path = Stuff.app; sourceTree = BUILT_PRODUCTS_DIR; };
		0D2AAF69187355CD00397E2A /* Foundation.framework */ = {isa = PBXFileReference; lastKnownFileType = wrapper.framework; name = Foundation.framework; path = System/Library/Frameworks/Foundation.framework; sourceTree = SDKROOT; };
		0D2AAF6B187355CD00397E2A /* CoreGraphics.framework */ = {isa = PBXFileReference; lastKnownFileType = wrapper.framework; name = CoreGraphics.framework; path = System/Library/Frameworks/CoreGraphics.framework; sourceTree = SDKROOT; };
		0D2AAF6D187355CD00397E2A /* UIKit.framework */ = {isa = PBXFileReference; lastKnownFileType = wrapper.framework; name = UIKit.framework; path = System/Library/Frameworks/UIKit.framework; sourceTree = SDKROOT; };
		0D2AAF71187355CD00397E2A /* Stuff-Info.plist */ = {isa = PBXFileReference; lastKnownFileType = text.plist.xml; path = "Stuff-Info.plist"; sourceTree = "<group>"; };
		0D2AAF73187355CD00397E2A /* en */ = {isa = PBXFileReference; lastKnownFileType = text.plist.strings; name = en; path = en.lproj/InfoPlist.strings; sourceTree = "<group>"; };
		0D2AAF75187355CD00397E2A /* main.m */ = {isa = PBXFileReference; lastKnownFileType = sourcecode.c.objc; path = main.m; sourceTree = "<group>"; };
		0D2AAF77187355CD00397E2A /* Stuff-Prefix.pch */ = {isa = PBXFileReference; lastKnownFileType = sourcecode.c.h; path = "Stuff-Prefix.pch"; sourceTree = "<group>"; };
		0D2AAF78187355CD00397E2A /* SRFAppDelegate.h */ = {isa = PBXFileReference; lastKnownFileType = sourcecode.c.h; path = SRFAppDelegate.h; sourceTree = "<group>"; };
		0D2AAF79187355CD00397E2A /* SRFAppDelegate.m */ = {isa = PBXFileReference; lastKnownFileType = sourcecode.c.objc; path = SRFAppDelegate.m; sourceTree = "<group>"; };
		0D2AAF7C187355CD00397E2A /* Base */ = {isa = PBXFileReference; lastKnownFileType = file.storyboard; name = Base; path = Base.lproj/Main_iPhone.storyboard; sourceTree = "<group>"; };
		0D2AAF7F187355CD00397E2A /* Base */ = {isa = PBXFileReference; lastKnownFileType = file.storyboard; name = Base; path = Base.lproj/Main_iPad.storyboard; sourceTree = "<group>"; };
		0D2AAF81187355CD00397E2A /* SRFViewController.h */ = {isa = PBXFileReference; lastKnownFileType = sourcecode.c.h; path = SRFViewController.h; sourceTree = "<group>"; };
		0D2AAF82187355CD00397E2A /* SRFViewController.m */ = {isa = PBXFileReference; lastKnownFileType = sourcecode.c.objc; path = SRFViewController.m; sourceTree = "<group>"; };
		0D2AAF84187355CD00397E2A /* Images.xcassets */ = {isa = PBXFileReference; lastKnownFileType = folder.assetcatalog; path = Images.xcassets; sourceTree = "<group>"; };
		0D2AAF8A187355CD00397E2A /* StuffTests.xctest */ = {isa = PBXFileReference; explicitFileType = wrapper.cfbundle; includeInIndex = 0; path = StuffTests.xctest; sourceTree = BUILT_PRODUCTS_DIR; };
		0D2AAF8B187355CD00397E2A /* XCTest.framework */ = {isa = PBXFileReference; lastKnownFileType = wrapper.framework; name = XCTest.framework; path = Library/Frameworks/XCTest.framework; sourceTree = DEVELOPER_DIR; };
		0D2AAF93187355CD00397E2A /* StuffTests-Info.plist */ = {isa = PBXFileReference; lastKnownFileType = text.plist.xml; path = "StuffTests-Info.plist"; sourceTree = "<group>"; };
		0D2AAF95187355CD00397E2A /* en */ = {isa = PBXFileReference; lastKnownFileType = text.plist.strings; name = en; path = en.lproj/InfoPlist.strings; sourceTree = "<group>"; };
		0D2AAF97187355CD00397E2A /* StuffTests.m */ = {isa = PBXFileReference; lastKnownFileType = sourcecode.c.objc; path = StuffTests.m; sourceTree = "<group>"; };
		0D2AAFA11873561100397E2A /* SRFCVCell.h */ = {isa = PBXFileReference; fileEncoding = 4; lastKnownFileType = sourcecode.c.h; path = SRFCVCell.h; sourceTree = "<group>"; };
		0D2AAFA21873561100397E2A /* SRFCVCell.m */ = {isa = PBXFileReference; fileEncoding = 4; lastKnownFileType = sourcecode.c.objc; path = SRFCVCell.m; sourceTree = "<group>"; };
		0D2AAFA4187392E200397E2A /* avatar.jpg */ = {isa = PBXFileReference; lastKnownFileType = image.jpeg; path = avatar.jpg; sourceTree = "<group>"; };
		0D2AAFA6187397E600397E2A /* avatar2.jpg */ = {isa = PBXFileReference; lastKnownFileType = image.jpeg; path = avatar2.jpg; sourceTree = "<group>"; };
		0DC41DD61875D8DE000737CD /* SRFBubbleView.h */ = {isa = PBXFileReference; fileEncoding = 4; lastKnownFileType = sourcecode.c.h; path = SRFBubbleView.h; sourceTree = "<group>"; };
		0DC41DD71875D8DE000737CD /* SRFBubbleView.m */ = {isa = PBXFileReference; fileEncoding = 4; lastKnownFileType = sourcecode.c.objc; path = SRFBubbleView.m; sourceTree = "<group>"; };
		0DC41DD918773432000737CD /* WFBAutoLayout.h */ = {isa = PBXFileReference; fileEncoding = 4; lastKnownFileType = sourcecode.c.h; name = WFBAutoLayout.h; path = ../WFBAutoLayout.h; sourceTree = "<group>"; };
		0DC41DDA18773432000737CD /* WFBAutoLayout.m */ = {isa = PBXFileReference; fileEncoding = 4; lastKnownFileType = sourcecode.c.objc; name = WFBAutoLayout.m; path = ../WFBAutoLayout.m; sourceTree = "<group>"; };
/* End PBXFileReference section */

/* Begin PBXFrameworksBuildPhase section */
		0D2AAF63187355CD00397E2A /* Frameworks */ = {
			isa = PBXFrameworksBuildPhase;
			buildActionMask = 2147483647;
			files = (
				0D2AAF6C187355CD00397E2A /* CoreGraphics.framework in Frameworks */,
				0D2AAF6E187355CD00397E2A /* UIKit.framework in Frameworks */,
				0D2AAF6A187355CD00397E2A /* Foundation.framework in Frameworks */,
			);
			runOnlyForDeploymentPostprocessing = 0;
		};
		0D2AAF87187355CD00397E2A /* Frameworks */ = {
			isa = PBXFrameworksBuildPhase;
			buildActionMask = 2147483647;
			files = (
				0D2AAF8C187355CD00397E2A /* XCTest.framework in Frameworks */,
				0D2AAF8E187355CD00397E2A /* UIKit.framework in Frameworks */,
				0D2AAF8D187355CD00397E2A /* Foundation.framework in Frameworks */,
			);
			runOnlyForDeploymentPostprocessing = 0;
		};
/* End PBXFrameworksBuildPhase section */

/* Begin PBXGroup section */
		0D2AAF5D187355CD00397E2A = {
			isa = PBXGroup;
			children = (
				0D2AAF6F187355CD00397E2A /* Stuff */,
				0D2AAF91187355CD00397E2A /* StuffTests */,
				0D2AAF68187355CD00397E2A /* Frameworks */,
				0D2AAF67187355CD00397E2A /* Products */,
			);
			sourceTree = "<group>";
		};
		0D2AAF67187355CD00397E2A /* Products */ = {
			isa = PBXGroup;
			children = (
				0D2AAF66187355CD00397E2A /* Stuff.app */,
				0D2AAF8A187355CD00397E2A /* StuffTests.xctest */,
			);
			name = Products;
			sourceTree = "<group>";
		};
		0D2AAF68187355CD00397E2A /* Frameworks */ = {
			isa = PBXGroup;
			children = (
				0D2AAF69187355CD00397E2A /* Foundation.framework */,
				0D2AAF6B187355CD00397E2A /* CoreGraphics.framework */,
				0D2AAF6D187355CD00397E2A /* UIKit.framework */,
				0D2AAF8B187355CD00397E2A /* XCTest.framework */,
			);
			name = Frameworks;
			sourceTree = "<group>";
		};
		0D2AAF6F187355CD00397E2A /* Stuff */ = {
			isa = PBXGroup;
			children = (
				0DC41DD918773432000737CD /* WFBAutoLayout.h */,
				0DC41DDA18773432000737CD /* WFBAutoLayout.m */,
				0D2AAFA6187397E600397E2A /* avatar2.jpg */,
				0D2AAFA4187392E200397E2A /* avatar.jpg */,
				0D2AAF78187355CD00397E2A /* SRFAppDelegate.h */,
				0D2AAF79187355CD00397E2A /* SRFAppDelegate.m */,
				0D2AAF7B187355CD00397E2A /* Main_iPhone.storyboard */,
				0D2AAF7E187355CD00397E2A /* Main_iPad.storyboard */,
				0D2AAF81187355CD00397E2A /* SRFViewController.h */,
				0D2AAF82187355CD00397E2A /* SRFViewController.m */,
				0D2AAFA11873561100397E2A /* SRFCVCell.h */,
				0D2AAFA21873561100397E2A /* SRFCVCell.m */,
				0DC41DD61875D8DE000737CD /* SRFBubbleView.h */,
				0DC41DD71875D8DE000737CD /* SRFBubbleView.m */,
				0D2AAF84187355CD00397E2A /* Images.xcassets */,
				0D2AAF70187355CD00397E2A /* Supporting Files */,
			);
			path = Stuff;
			sourceTree = "<group>";
		};
		0D2AAF70187355CD00397E2A /* Supporting Files */ = {
			isa = PBXGroup;
			children = (
				0D2AAF71187355CD00397E2A /* Stuff-Info.plist */,
				0D2AAF72187355CD00397E2A /* InfoPlist.strings */,
				0D2AAF75187355CD00397E2A /* main.m */,
				0D2AAF77187355CD00397E2A /* Stuff-Prefix.pch */,
			);
			name = "Supporting Files";
			sourceTree = "<group>";
		};
		0D2AAF91187355CD00397E2A /* StuffTests */ = {
			isa = PBXGroup;
			children = (
				0D2AAF97187355CD00397E2A /* StuffTests.m */,
				0D2AAF92187355CD00397E2A /* Supporting Files */,
			);
			path = StuffTests;
			sourceTree = "<group>";
		};
		0D2AAF92187355CD00397E2A /* Supporting Files */ = {
			isa = PBXGroup;
			children = (
				0D2AAF93187355CD00397E2A /* StuffTests-Info.plist */,
				0D2AAF94187355CD00397E2A /* InfoPlist.strings */,
			);
			name = "Supporting Files";
			sourceTree = "<group>";
		};
/* End PBXGroup section */

/* Begin PBXNativeTarget section */
		0D2AAF65187355CD00397E2A /* Stuff */ = {
			isa = PBXNativeTarget;
			buildConfigurationList = 0D2AAF9B187355CD00397E2A /* Build configuration list for PBXNativeTarget "Stuff" */;
			buildPhases = (
				0D2AAF62187355CD00397E2A /* Sources */,
				0D2AAF63187355CD00397E2A /* Frameworks */,
				0D2AAF64187355CD00397E2A /* Resources */,
			);
			buildRules = (
			);
			dependencies = (
			);
			name = Stuff;
			productName = Stuff;
			productReference = 0D2AAF66187355CD00397E2A /* Stuff.app */;
			productType = "com.apple.product-type.application";
		};
		0D2AAF89187355CD00397E2A /* StuffTests */ = {
			isa = PBXNativeTarget;
			buildConfigurationList = 0D2AAF9E187355CD00397E2A /* Build configuration list for PBXNativeTarget "StuffTests" */;
			buildPhases = (
				0D2AAF86187355CD00397E2A /* Sources */,
				0D2AAF87187355CD00397E2A /* Frameworks */,
				0D2AAF88187355CD00397E2A /* Resources */,
			);
			buildRules = (
			);
			dependencies = (
				0D2AAF90187355CD00397E2A /* PBXTargetDependency */,
			);
			name = StuffTests;
			productName = StuffTests;
			productReference = 0D2AAF8A187355CD00397E2A /* StuffTests.xctest */;
			productType = "com.apple.product-type.bundle.unit-test";
		};
/* End PBXNativeTarget section */

/* Begin PBXProject section */
		0D2AAF5E187355CD00397E2A /* Project object */ = {
			isa = PBXProject;
			attributes = {
				CLASSPREFIX = SRF;
				LastUpgradeCheck = 0500;
				ORGANIZATIONNAME = CollectionView;
				TargetAttributes = {
					0D2AAF89187355CD00397E2A = {
						TestTargetID = 0D2AAF65187355CD00397E2A;
					};
				};
			};
			buildConfigurationList = 0D2AAF61187355CD00397E2A /* Build configuration list for PBXProject "Stuff" */;
			compatibilityVersion = "Xcode 3.2";
			developmentRegion = English;
			hasScannedForEncodings = 0;
			knownRegions = (
				en,
				Base,
			);
			mainGroup = 0D2AAF5D187355CD00397E2A;
			productRefGroup = 0D2AAF67187355CD00397E2A /* Products */;
			projectDirPath = "";
			projectRoot = "";
			targets = (
				0D2AAF65187355CD00397E2A /* Stuff */,
				0D2AAF89187355CD00397E2A /* StuffTests */,
			);
		};
/* End PBXProject section */

/* Begin PBXResourcesBuildPhase section */
		0D2AAF64187355CD00397E2A /* Resources */ = {
			isa = PBXResourcesBuildPhase;
			buildActionMask = 2147483647;
			files = (
				0D2AAF80187355CD00397E2A /* Main_iPad.storyboard in Resources */,
				0D2AAFA5187392E200397E2A /* avatar.jpg in Resources */,
				0D2AAF85187355CD00397E2A /* Images.xcassets in Resources */,
				0D2AAF7D187355CD00397E2A /* Main_iPhone.storyboard in Resources */,
				0D2AAF74187355CD00397E2A /* InfoPlist.strings in Resources */,
				0D2AAFA7187397E600397E2A /* avatar2.jpg in Resources */,
			);
			runOnlyForDeploymentPostprocessing = 0;
		};
		0D2AAF88187355CD00397E2A /* Resources */ = {
			isa = PBXResourcesBuildPhase;
			buildActionMask = 2147483647;
			files = (
				0D2AAF96187355CD00397E2A /* InfoPlist.strings in Resources */,
			);
			runOnlyForDeploymentPostprocessing = 0;
		};
/* End PBXResourcesBuildPhase section */

/* Begin PBXSourcesBuildPhase section */
		0D2AAF62187355CD00397E2A /* Sources */ = {
			isa = PBXSourcesBuildPhase;
			buildActionMask = 2147483647;
			files = (
				0D2AAF7A187355CD00397E2A /* SRFAppDelegate.m in Sources */,
				0D2AAF83187355CD00397E2A /* SRFViewController.m in Sources */,
				0DC41DDB18773432000737CD /* WFBAutoLayout.m in Sources */,
				0DC41DD81875D8DE000737CD /* SRFBubbleView.m in Sources */,
				0D2AAFA31873561100397E2A /* SRFCVCell.m in Sources */,
				0D2AAF76187355CD00397E2A /* main.m in Sources */,
			);
			runOnlyForDeploymentPostprocessing = 0;
		};
		0D2AAF86187355CD00397E2A /* Sources */ = {
			isa = PBXSourcesBuildPhase;
			buildActionMask = 2147483647;
			files = (
				0D2AAF98187355CD00397E2A /* StuffTests.m in Sources */,
			);
			runOnlyForDeploymentPostprocessing = 0;
		};
/* End PBXSourcesBuildPhase section */

/* Begin PBXTargetDependency section */
		0D2AAF90187355CD00397E2A /* PBXTargetDependency */ = {
			isa = PBXTargetDependency;
			target = 0D2AAF65187355CD00397E2A /* Stuff */;
			targetProxy = 0D2AAF8F187355CD00397E2A /* PBXContainerItemProxy */;
		};
/* End PBXTargetDependency section */

/* Begin PBXVariantGroup section */
		0D2AAF72187355CD00397E2A /* InfoPlist.strings */ = {
			isa = PBXVariantGroup;
			children = (
				0D2AAF73187355CD00397E2A /* en */,
			);
			name = InfoPlist.strings;
			sourceTree = "<group>";
		};
		0D2AAF7B187355CD00397E2A /* Main_iPhone.storyboard */ = {
			isa = PBXVariantGroup;
			children = (
				0D2AAF7C187355CD00397E2A /* Base */,
			);
			name = Main_iPhone.storyboard;
			sourceTree = "<group>";
		};
		0D2AAF7E187355CD00397E2A /* Main_iPad.storyboard */ = {
			isa = PBXVariantGroup;
			children = (
				0D2AAF7F187355CD00397E2A /* Base */,
			);
			name = Main_iPad.storyboard;
			sourceTree = "<group>";
		};
		0D2AAF94187355CD00397E2A /* InfoPlist.strings */ = {
			isa = PBXVariantGroup;
			children = (
				0D2AAF95187355CD00397E2A /* en */,
			);
			name = InfoPlist.strings;
			sourceTree = "<group>";
		};
/* End PBXVariantGroup section */

/* Begin XCBuildConfiguration section */
		0D2AAF99187355CD00397E2A /* Debug */ = {
			isa = XCBuildConfiguration;
			buildSettings = {
				ALWAYS_SEARCH_USER_PATHS = NO;
				ARCHS = "$(ARCHS_STANDARD_INCLUDING_64_BIT)";
				CLANG_CXX_LANGUAGE_STANDARD = "gnu++0x";
				CLANG_CXX_LIBRARY = "libc++";
				CLANG_ENABLE_MODULES = YES;
				CLANG_ENABLE_OBJC_ARC = YES;
				CLANG_WARN_BOOL_CONVERSION = YES;
				CLANG_WARN_CONSTANT_CONVERSION = YES;
				CLANG_WARN_DIRECT_OBJC_ISA_USAGE = YES_ERROR;
				CLANG_WARN_EMPTY_BODY = YES;
				CLANG_WARN_ENUM_CONVERSION = YES;
				CLANG_WARN_INT_CONVERSION = YES;
				CLANG_WARN_OBJC_ROOT_CLASS = YES_ERROR;
				CLANG_WARN__DUPLICATE_METHOD_MATCH = YES;
				"CODE_SIGN_IDENTITY[sdk=iphoneos*]" = "iPhone Developer";
				COPY_PHASE_STRIP = NO;
				GCC_C_LANGUAGE_STANDARD = gnu99;
				GCC_DYNAMIC_NO_PIC = NO;
				GCC_OPTIMIZATION_LEVEL = 0;
				GCC_PREPROCESSOR_DEFINITIONS = (
					"DEBUG=1",
					"$(inherited)",
				);
				GCC_SYMBOLS_PRIVATE_EXTERN = NO;
				GCC_WARN_64_TO_32_BIT_CONVERSION = YES;
				GCC_WARN_ABOUT_RETURN_TYPE = YES_ERROR;
				GCC_WARN_UNDECLARED_SELECTOR = YES;
				GCC_WARN_UNINITIALIZED_AUTOS = YES;
				GCC_WARN_UNUSED_FUNCTION = YES;
				GCC_WARN_UNUSED_VARIABLE = YES;
				IPHONEOS_DEPLOYMENT_TARGET = 7.0;
				ONLY_ACTIVE_ARCH = YES;
				SDKROOT = iphoneos;
				TARGETED_DEVICE_FAMILY = "1,2";
			};
			name = Debug;
		};
		0D2AAF9A187355CD00397E2A /* Release */ = {
			isa = XCBuildConfiguration;
			buildSettings = {
				ALWAYS_SEARCH_USER_PATHS = NO;
				ARCHS = "$(ARCHS_STANDARD_INCLUDING_64_BIT)";
				CLANG_CXX_LANGUAGE_STANDARD = "gnu++0x";
				CLANG_CXX_LIBRARY = "libc++";
				CLANG_ENABLE_MODULES = YES;
				CLANG_ENABLE_OBJC_ARC = YES;
				CLANG_WARN_BOOL_CONVERSION = YES;
				CLANG_WARN_CONSTANT_CONVERSION = YES;
				CLANG_WARN_DIRECT_OBJC_ISA_USAGE = YES_ERROR;
				CLANG_WARN_EMPTY_BODY = YES;
				CLANG_WARN_ENUM_CONVERSION = YES;
				CLANG_WARN_INT_CONVERSION = YES;
				CLANG_WARN_OBJC_ROOT_CLASS = YES_ERROR;
				CLANG_WARN__DUPLICATE_METHOD_MATCH = YES;
				"CODE_SIGN_IDENTITY[sdk=iphoneos*]" = "iPhone Developer";
				COPY_PHASE_STRIP = YES;
				ENABLE_NS_ASSERTIONS = NO;
				GCC_C_LANGUAGE_STANDARD = gnu99;
				GCC_WARN_64_TO_32_BIT_CONVERSION = YES;
				GCC_WARN_ABOUT_RETURN_TYPE = YES_ERROR;
				GCC_WARN_UNDECLARED_SELECTOR = YES;
				GCC_WARN_UNINITIALIZED_AUTOS = YES;
				GCC_WARN_UNUSED_FUNCTION = YES;
				GCC_WARN_UNUSED_VARIABLE = YES;
				IPHONEOS_DEPLOYMENT_TARGET = 7.0;
				SDKROOT = iphoneos;
				TARGETED_DEVICE_FAMILY = "1,2";
				VALIDATE_PRODUCT = YES;
			};
			name = Release;
		};
		0D2AAF9C187355CD00397E2A /* Debug */ = {
			isa = XCBuildConfiguration;
			buildSettings = {
				ASSETCATALOG_COMPILER_APPICON_NAME = AppIcon;
				ASSETCATALOG_COMPILER_LAUNCHIMAGE_NAME = LaunchImage;
				GCC_PRECOMPILE_PREFIX_HEADER = YES;
				GCC_PREFIX_HEADER = "Stuff/Stuff-Prefix.pch";
				INFOPLIST_FILE = "Stuff/Stuff-Info.plist";
				PRODUCT_NAME = "$(TARGET_NAME)";
				WRAPPER_EXTENSION = app;
			};
			name = Debug;
		};
		0D2AAF9D187355CD00397E2A /* Release */ = {
			isa = XCBuildConfiguration;
			buildSettings = {
				ASSETCATALOG_COMPILER_APPICON_NAME = AppIcon;
				ASSETCATALOG_COMPILER_LAUNCHIMAGE_NAME = LaunchImage;
				GCC_PRECOMPILE_PREFIX_HEADER = YES;
				GCC_PREFIX_HEADER = "Stuff/Stuff-Prefix.pch";
				INFOPLIST_FILE = "Stuff/Stuff-Info.plist";
				PRODUCT_NAME = "$(TARGET_NAME)";
				WRAPPER_EXTENSION = app;
			};
			name = Release;
		};
		0D2AAF9F187355CD00397E2A /* Debug */ = {
			isa = XCBuildConfiguration;
			buildSettings = {
				ARCHS = "$(ARCHS_STANDARD_INCLUDING_64_BIT)";
				BUNDLE_LOADER = "$(BUILT_PRODUCTS_DIR)/Stuff.app/Stuff";
				FRAMEWORK_SEARCH_PATHS = (
					"$(SDKROOT)/Developer/Library/Frameworks",
					"$(inherited)",
					"$(DEVELOPER_FRAMEWORKS_DIR)",
				);
				GCC_PRECOMPILE_PREFIX_HEADER = YES;
				GCC_PREFIX_HEADER = "Stuff/Stuff-Prefix.pch";
				GCC_PREPROCESSOR_DEFINITIONS = (
					"DEBUG=1",
					"$(inherited)",
				);
				INFOPLIST_FILE = "StuffTests/StuffTests-Info.plist";
				PRODUCT_NAME = "$(TARGET_NAME)";
				TEST_HOST = "$(BUNDLE_LOADER)";
				WRAPPER_EXTENSION = xctest;
			};
			name = Debug;
		};
		0D2AAFA0187355CD00397E2A /* Release */ = {
			isa = XCBuildConfiguration;
			buildSettings = {
				ARCHS = "$(ARCHS_STANDARD_INCLUDING_64_BIT)";
				BUNDLE_LOADER = "$(BUILT_PRODUCTS_DIR)/Stuff.app/Stuff";
				FRAMEWORK_SEARCH_PATHS = (
					"$(SDKROOT)/Developer/Library/Frameworks",
					"$(inherited)",
					"$(DEVELOPER_FRAMEWORKS_DIR)",
				);
				GCC_PRECOMPILE_PREFIX_HEADER = YES;
				GCC_PREFIX_HEADER = "Stuff/Stuff-Prefix.pch";
				INFOPLIST_FILE = "StuffTests/StuffTests-Info.plist";
				PRODUCT_NAME = "$(TARGET_NAME)";
				TEST_HOST = "$(BUNDLE_LOADER)";
				WRAPPER_EXTENSION = xctest;
			};
			name = Release;
		};
/* End XCBuildConfiguration section */

/* Begin XCConfigurationList section */
		0D2AAF61187355CD00397E2A /* Build configuration list for PBXProject "Stuff" */ = {
			isa = XCConfigurationList;
			buildConfigurations = (
				0D2AAF99187355CD00397E2A /* Debug */,
				0D2AAF9A187355CD00397E2A /* Release */,
			);
			defaultConfigurationIsVisible = 0;
			defaultConfigurationName = Release;
		};
		0D2AAF9B187355CD00397E2A /* Build configuration list for PBXNativeTarget "Stuff" */ = {
			isa = XCConfigurationList;
			buildConfigurations = (
				0D2AAF9C187355CD00397E2A /* Debug */,
				0D2AAF9D187355CD00397E2A /* Release */,
			);
			defaultConfigurationIsVisible = 0;
			defaultConfigurationName = Release;
		};
		0D2AAF9E187355CD00397E2A /* Build configuration list for PBXNativeTarget "StuffTests" */ = {
			isa = XCConfigurationList;
			buildConfigurations = (
				0D2AAF9F187355CD00397E2A /* Debug */,
				0D2AAFA0187355CD00397E2A /* Release */,
			);
			defaultConfigurationIsVisible = 0;
			defaultConfigurationName = Release;
		};
/* End XCConfigurationList section */
	};
	rootObject = 0D2AAF5E187355CD00397E2A /* Project object */;
}
